speakeasyVersion: 1.709.1
sources:
    Local Protocol:
        sourceNamespace: local-protocol
        sourceRevisionDigest: sha256:a4570ca478b19d434e6751fbd6f02cf6d013a8285da2669c5754be20ed051b61
        sourceBlobDigest: sha256:bcc2efd9b23e2c76768e1a75285588ba1368a9bf5003b26667c364f15ae062b1
        tags:
            - latest
            - 0.1.0
targets:
    local-protocol:
        source: Local Protocol
        sourceNamespace: local-protocol
        sourceRevisionDigest: sha256:a4570ca478b19d434e6751fbd6f02cf6d013a8285da2669c5754be20ed051b61
        sourceBlobDigest: sha256:bcc2efd9b23e2c76768e1a75285588ba1368a9bf5003b26667c364f15ae062b1
        codeSamplesNamespace: local-protocol-typescript-code-samples
        codeSamplesRevisionDigest: sha256:8d9275b9dea816515434a6d21f7bfac52c0ea9b09a7f6b27e1120c0b76d6bf14
workflow:
    workflowVersion: 1.0.0
    speakeasyVersion: latest
    sources:
        Local Protocol:
            inputs:
                - location: ../../openapi/specs/local-protocol.v1.openapi.json
            output: .speakeasy/out.openapi.yaml
            registry:
                location: registry.speakeasyapi.dev/palette-labs/local-protocol/local-protocol
    targets:
        local-protocol:
            target: typescript
            source: Local Protocol
            codeSamples:
                registry:
                    location: registry.speakeasyapi.dev/palette-labs/local-protocol/local-protocol-typescript-code-samples
                labelOverride:
                    fixedValue: TypeScript (SDK)
                blocking: false
