speakeasyVersion: 1.709.1
sources:
    Local Protocol:
        sourceNamespace: local-protocol
        sourceRevisionDigest: sha256:8e2411c4c4c583d827ca175c6c3f2fe6f4eb5269e70a93515c67d5277c5fa398
        sourceBlobDigest: sha256:c24522fad1d7031db47ef8f2a9ed9d5bdaf76537647d503a8c6e5ad844b36d8e
        tags:
            - latest
            - 0.1.0
targets:
    local-protocol:
        source: Local Protocol
        sourceNamespace: local-protocol
        sourceRevisionDigest: sha256:8e2411c4c4c583d827ca175c6c3f2fe6f4eb5269e70a93515c67d5277c5fa398
        sourceBlobDigest: sha256:c24522fad1d7031db47ef8f2a9ed9d5bdaf76537647d503a8c6e5ad844b36d8e
        codeSamplesNamespace: local-protocol-php-code-samples
        codeSamplesRevisionDigest: sha256:06c3321cf3925dc1d8d99b0b60ef6e25b5f4584ade5b17294595a378482fd739
workflow:
    workflowVersion: 1.0.0
    speakeasyVersion: latest
    sources:
        Local Protocol:
            inputs:
                - location: ../../openapi/specs/local-protocol.v1.openapi.json
            overlays:
                - location: .speakeasy/speakeasy-modifications-overlay.yaml
            output: .speakeasy/out.openapi.yaml
            registry:
                location: registry.speakeasyapi.dev/palette-labs/local-protocol/local-protocol
    targets:
        local-protocol:
            target: php
            source: Local Protocol
            codeSamples:
                registry:
                    location: registry.speakeasyapi.dev/palette-labs/local-protocol/local-protocol-php-code-samples
                labelOverride:
                    fixedValue: Php (SDK)
                blocking: false
