speakeasyVersion: 1.709.1
sources:
    Local Protocol:
        sourceNamespace: local-protocol
        sourceRevisionDigest: sha256:8439e25b8ebc5992c596170d9e2c3bad58569df4f58eebcdf6ac18434f1d5bb7
        sourceBlobDigest: sha256:fc17452a503ad82e3b7b2e77a1bfc3284bc0ef3d8cef31b6c777229c174d8f37
        tags:
            - latest
            - 0.1.0
targets:
    local-protocol:
        source: Local Protocol
        sourceNamespace: local-protocol
        sourceRevisionDigest: sha256:8439e25b8ebc5992c596170d9e2c3bad58569df4f58eebcdf6ac18434f1d5bb7
        sourceBlobDigest: sha256:fc17452a503ad82e3b7b2e77a1bfc3284bc0ef3d8cef31b6c777229c174d8f37
        codeSamplesNamespace: local-protocol-php-code-samples
        codeSamplesRevisionDigest: sha256:4eca43c4cebf9479ade063fbbba57c37fa10d26f9bb06c393d7ec586762feb9c
workflow:
    workflowVersion: 1.0.0
    speakeasyVersion: latest
    sources:
        Local Protocol:
            inputs:
                - location: ../../openapi/specs/local-protocol.v1.openapi.json
            overlays:
                - location: .speakeasy/speakeasy-modifications-overlay.yaml
            output: .speakeasy/out.openapi.yaml
            registry:
                location: registry.speakeasyapi.dev/palette-labs/local-protocol/local-protocol
    targets:
        local-protocol:
            target: php
            source: Local Protocol
            codeSamples:
                registry:
                    location: registry.speakeasyapi.dev/palette-labs/local-protocol/local-protocol-php-code-samples
                labelOverride:
                    fixedValue: Php (SDK)
                blocking: false
